
Microsoft Visual Studio Solution File, Format Version 12.00
# Visual Studio 2012
Project("{FAE04EC0-301F-11D3-BF4B-00C04F79EFBC}") = "WebVentas", "WebVentas\WebVentas.csproj", "{BCB61401-0850-4887-B488-EE43CEC2DD48}"
EndProject
Project("{FAE04EC0-301F-11D3-BF4B-00C04F79EFBC}") = "CapaDatos", "CapaDatos\CapaDatos.csproj", "{12B89E1B-C660-45F8-8B60-6EE63EF7ED71}"
EndProject
Project("{FAE04EC0-301F-11D3-BF4B-00C04F79EFBC}") = "CapaEntidad", "CapaEntidad\CapaEntidad.csproj", "{1F78367A-91FE-4D8F-BC4C-2FD585131F65}"
EndProject
Project("{FAE04EC0-301F-11D3-BF4B-00C04F79EFBC}") = "CapaReglas", "CapaReglas\CapaReglas.csproj", "{ABE94400-2CC6-45DD-9C8E-FB9478A5FAFA}"
EndProject
Project("{FAE04EC0-301F-11D3-BF4B-00C04F79EFBC}") = "MyChat.Server", "MyChat.Server\MyChat.Server.csproj", "{C054C284-A7E5-4CE6-9735-9B8C1CC5A93C}"
EndProject
Global
	GlobalSection(SolutionConfigurationPlatforms) = preSolution
		Debug|Any CPU = Debug|Any CPU
		Release|Any CPU = Release|Any CPU
	EndGlobalSection
	GlobalSection(ProjectConfigurationPlatforms) = postSolution
		{BCB61401-0850-4887-B488-EE43CEC2DD48}.Debug|Any CPU.ActiveCfg = Debug|Any CPU
		{BCB61401-0850-4887-B488-EE43CEC2DD48}.Debug|Any CPU.Build.0 = Debug|Any CPU
		{BCB61401-0850-4887-B488-EE43CEC2DD48}.Release|Any CPU.ActiveCfg = Release|Any CPU
		{BCB61401-0850-4887-B488-EE43CEC2DD48}.Release|Any CPU.Build.0 = Release|Any CPU
		{12B89E1B-C660-45F8-8B60-6EE63EF7ED71}.Debug|Any CPU.ActiveCfg = Debug|Any CPU
		{12B89E1B-C660-45F8-8B60-6EE63EF7ED71}.Debug|Any CPU.Build.0 = Debug|Any CPU
		{12B89E1B-C660-45F8-8B60-6EE63EF7ED71}.Release|Any CPU.ActiveCfg = Release|Any CPU
		{12B89E1B-C660-45F8-8B60-6EE63EF7ED71}.Release|Any CPU.Build.0 = Release|Any CPU
		{1F78367A-91FE-4D8F-BC4C-2FD585131F65}.Debug|Any CPU.ActiveCfg = Debug|Any CPU
		{1F78367A-91FE-4D8F-BC4C-2FD585131F65}.Debug|Any CPU.Build.0 = Debug|Any CPU
		{1F78367A-91FE-4D8F-BC4C-2FD585131F65}.Release|Any CPU.ActiveCfg = Release|Any CPU
		{1F78367A-91FE-4D8F-BC4C-2FD585131F65}.Release|Any CPU.Build.0 = Release|Any CPU
		{ABE94400-2CC6-45DD-9C8E-FB9478A5FAFA}.Debug|Any CPU.ActiveCfg = Debug|Any CPU
		{ABE94400-2CC6-45DD-9C8E-FB9478A5FAFA}.Debug|Any CPU.Build.0 = Debug|Any CPU
		{ABE94400-2CC6-45DD-9C8E-FB9478A5FAFA}.Release|Any CPU.ActiveCfg = Release|Any CPU
		{ABE94400-2CC6-45DD-9C8E-FB9478A5FAFA}.Release|Any CPU.Build.0 = Release|Any CPU
		{C054C284-A7E5-4CE6-9735-9B8C1CC5A93C}.Debug|Any CPU.ActiveCfg = Debug|Any CPU
		{C054C284-A7E5-4CE6-9735-9B8C1CC5A93C}.Debug|Any CPU.Build.0 = Debug|Any CPU
		{C054C284-A7E5-4CE6-9735-9B8C1CC5A93C}.Release|Any CPU.ActiveCfg = Release|Any CPU
		{C054C284-A7E5-4CE6-9735-9B8C1CC5A93C}.Release|Any CPU.Build.0 = Release|Any CPU
	EndGlobalSection
	GlobalSection(SolutionProperties) = preSolution
		HideSolutionNode = FALSE
	EndGlobalSection
EndGlobal
